
Microsoft Visual Studio Solution File, Format Version 12.00
# Visual Studio Version 16
VisualStudioVersion = 16.0.30804.86
MinimumVisualStudioVersion = 10.0.40219.1
Project("{8BC9CEB8-8B4A-11D0-8D11-00A0C91BC942}") = "towerofhanoi", "towerofhanoi\towerofhanoi.vcxproj", "{D6508B2C-F349-4C47-8830-C8C2DE4BFB5D}"
EndProject
Global
	GlobalSection(SolutionConfigurationPlatforms) = preSolution
		Debug|x64 = Debug|x64
		Debug|x86 = Debug|x86
		Release|x64 = Release|x64
		Release|x86 = Release|x86
	EndGlobalSection
	GlobalSection(ProjectConfigurationPlatforms) = postSolution
		{D6508B2C-F349-4C47-8830-C8C2DE4BFB5D}.Debug|x64.ActiveCfg = Debug|x64
		{D6508B2C-F349-4C47-8830-C8C2DE4BFB5D}.Debug|x64.Build.0 = Debug|x64
		{D6508B2C-F349-4C47-8830-C8C2DE4BFB5D}.Debug|x86.ActiveCfg = Debug|Win32
		{D6508B2C-F349-4C47-8830-C8C2DE4BFB5D}.Debug|x86.Build.0 = Debug|Win32
		{D6508B2C-F349-4C47-8830-C8C2DE4BFB5D}.Release|x64.ActiveCfg = Release|x64
		{D6508B2C-F349-4C47-8830-C8C2DE4BFB5D}.Release|x64.Build.0 = Release|x64
		{D6508B2C-F349-4C47-8830-C8C2DE4BFB5D}.Release|x86.ActiveCfg = Release|Win32
		{D6508B2C-F349-4C47-8830-C8C2DE4BFB5D}.Release|x86.Build.0 = Release|Win32
	EndGlobalSection
	GlobalSection(SolutionProperties) = preSolution
		HideSolutionNode = FALSE
	EndGlobalSection
	GlobalSection(ExtensibilityGlobals) = postSolution
		SolutionGuid = {3D1BF944-BB78-475B-B23D-293E1205F0B8}
	EndGlobalSection
EndGlobal
